
Microsoft Visual Studio Solution File, Format Version 11.00
# Visual Studio 2010
Project("{F2A71F9B-5D33-465A-A702-920D77279786}") = "Prosaic", "Prosaic\Prosaic.fsproj", "{8E252F5C-1810-48B1-BB1A-6D20EBDC5F30}"
EndProject
Project("{FAE04EC0-301F-11D3-BF4B-00C04F79EFBC}") = "ProsaicTest", "ProsaicTest\ProsaicTest.csproj", "{29E25201-EB03-47E6-B4AD-8CEE64B9AACC}"
EndProject
Project("{2150E333-8FDC-42A3-9474-1A3956D46DE8}") = "Solution Items", "Solution Items", "{93DB3AD8-1B62-4DAB-A4B3-B0467D8FD584}"
	ProjectSection(SolutionItems) = preProject
		Local.testsettings = Local.testsettings
		Prosaic.vsmdi = Prosaic.vsmdi
		TraceAndTestImpact.testsettings = TraceAndTestImpact.testsettings
	EndProjectSection
EndProject
Project("{F2A71F9B-5D33-465A-A702-920D77279786}") = "Fiolo", "Fiolo\Fiolo.fsproj", "{0FB5531C-A649-4CCC-8C7B-DE54C600301E}"
EndProject
Global
	GlobalSection(TestCaseManagementSettings) = postSolution
		CategoryFile = Prosaic.vsmdi
	EndGlobalSection
	GlobalSection(SolutionConfigurationPlatforms) = preSolution
		Debug|Any CPU = Debug|Any CPU
		Debug|Mixed Platforms = Debug|Mixed Platforms
		Debug|x86 = Debug|x86
		Release|Any CPU = Release|Any CPU
		Release|Mixed Platforms = Release|Mixed Platforms
		Release|x86 = Release|x86
	EndGlobalSection
	GlobalSection(ProjectConfigurationPlatforms) = postSolution
		{8E252F5C-1810-48B1-BB1A-6D20EBDC5F30}.Debug|Any CPU.ActiveCfg = Debug|x86
		{8E252F5C-1810-48B1-BB1A-6D20EBDC5F30}.Debug|Mixed Platforms.ActiveCfg = Debug|x86
		{8E252F5C-1810-48B1-BB1A-6D20EBDC5F30}.Debug|Mixed Platforms.Build.0 = Debug|x86
		{8E252F5C-1810-48B1-BB1A-6D20EBDC5F30}.Debug|x86.ActiveCfg = Debug|x86
		{8E252F5C-1810-48B1-BB1A-6D20EBDC5F30}.Debug|x86.Build.0 = Debug|x86
		{8E252F5C-1810-48B1-BB1A-6D20EBDC5F30}.Release|Any CPU.ActiveCfg = Release|x86
		{8E252F5C-1810-48B1-BB1A-6D20EBDC5F30}.Release|Mixed Platforms.ActiveCfg = Release|x86
		{8E252F5C-1810-48B1-BB1A-6D20EBDC5F30}.Release|Mixed Platforms.Build.0 = Release|x86
		{8E252F5C-1810-48B1-BB1A-6D20EBDC5F30}.Release|x86.ActiveCfg = Release|x86
		{8E252F5C-1810-48B1-BB1A-6D20EBDC5F30}.Release|x86.Build.0 = Release|x86
		{29E25201-EB03-47E6-B4AD-8CEE64B9AACC}.Debug|Any CPU.ActiveCfg = Debug|Any CPU
		{29E25201-EB03-47E6-B4AD-8CEE64B9AACC}.Debug|Any CPU.Build.0 = Debug|Any CPU
		{29E25201-EB03-47E6-B4AD-8CEE64B9AACC}.Debug|Mixed Platforms.ActiveCfg = Debug|Any CPU
		{29E25201-EB03-47E6-B4AD-8CEE64B9AACC}.Debug|Mixed Platforms.Build.0 = Debug|Any CPU
		{29E25201-EB03-47E6-B4AD-8CEE64B9AACC}.Debug|x86.ActiveCfg = Debug|Any CPU
		{29E25201-EB03-47E6-B4AD-8CEE64B9AACC}.Release|Any CPU.ActiveCfg = Release|Any CPU
		{29E25201-EB03-47E6-B4AD-8CEE64B9AACC}.Release|Any CPU.Build.0 = Release|Any CPU
		{29E25201-EB03-47E6-B4AD-8CEE64B9AACC}.Release|Mixed Platforms.ActiveCfg = Release|Any CPU
		{29E25201-EB03-47E6-B4AD-8CEE64B9AACC}.Release|Mixed Platforms.Build.0 = Release|Any CPU
		{29E25201-EB03-47E6-B4AD-8CEE64B9AACC}.Release|x86.ActiveCfg = Release|Any CPU
		{0FB5531C-A649-4CCC-8C7B-DE54C600301E}.Debug|Any CPU.ActiveCfg = Debug|x86
		{0FB5531C-A649-4CCC-8C7B-DE54C600301E}.Debug|Mixed Platforms.ActiveCfg = Debug|x86
		{0FB5531C-A649-4CCC-8C7B-DE54C600301E}.Debug|Mixed Platforms.Build.0 = Debug|x86
		{0FB5531C-A649-4CCC-8C7B-DE54C600301E}.Debug|x86.ActiveCfg = Debug|x86
		{0FB5531C-A649-4CCC-8C7B-DE54C600301E}.Debug|x86.Build.0 = Debug|x86
		{0FB5531C-A649-4CCC-8C7B-DE54C600301E}.Release|Any CPU.ActiveCfg = Release|x86
		{0FB5531C-A649-4CCC-8C7B-DE54C600301E}.Release|Mixed Platforms.ActiveCfg = Release|x86
		{0FB5531C-A649-4CCC-8C7B-DE54C600301E}.Release|Mixed Platforms.Build.0 = Release|x86
		{0FB5531C-A649-4CCC-8C7B-DE54C600301E}.Release|x86.ActiveCfg = Release|x86
		{0FB5531C-A649-4CCC-8C7B-DE54C600301E}.Release|x86.Build.0 = Release|x86
	EndGlobalSection
	GlobalSection(SolutionProperties) = preSolution
		HideSolutionNode = FALSE
	EndGlobalSection
EndGlobal
